
Microsoft Visual Studio Solution File, Format Version 12.00
# Visual Studio Version 16
VisualStudioVersion = 16.0.29123.88
MinimumVisualStudioVersion = 10.0.40219.1
Project("{9A19103F-16F7-4668-BE54-9A1E7A4F7556}") = "PeopleSearchApi", "PeopleSearchApi\PeopleSearchApi.csproj", "{93C2A26E-4A12-4E91-BE06-425DA7733EBC}"
EndProject
Project("{E24C65DC-7377-472B-9ABA-BC803B73C61A}") = "PeopleSearchClient", "PeopleSearchClient\", "{A6FBD46C-5DB3-4478-A8F6-C990F51F99C5}"
	ProjectSection(WebsiteProperties) = preProject
		TargetFrameworkMoniker = ".NETFramework,Version%3Dv4.0"
		Debug.AspNetCompiler.VirtualPath = "/localhost_63258"
		Debug.AspNetCompiler.PhysicalPath = "PeopleSearchClient\"
		Debug.AspNetCompiler.TargetPath = "PrecompiledWeb\localhost_63258\"
		Debug.AspNetCompiler.Updateable = "true"
		Debug.AspNetCompiler.ForceOverwrite = "true"
		Debug.AspNetCompiler.FixedNames = "false"
		Debug.AspNetCompiler.Debug = "True"
		Release.AspNetCompiler.VirtualPath = "/localhost_63258"
		Release.AspNetCompiler.PhysicalPath = "PeopleSearchClient\"
		Release.AspNetCompiler.TargetPath = "PrecompiledWeb\localhost_63258\"
		Release.AspNetCompiler.Updateable = "true"
		Release.AspNetCompiler.ForceOverwrite = "true"
		Release.AspNetCompiler.FixedNames = "false"
		Release.AspNetCompiler.Debug = "False"
		VWDPort = "63258"
		SlnRelativePath = "PeopleSearchClient\"
	EndProjectSection
EndProject
Project("{2150E333-8FDC-42A3-9474-1A3956D46DE8}") = "Solution Items", "Solution Items", "{6109A7D8-7AC5-4F8E-8F70-1D79B40EEBD1}"
	ProjectSection(SolutionItems) = preProject
		README.md = README.md
	EndProjectSection
EndProject
Global
	GlobalSection(SolutionConfigurationPlatforms) = preSolution
		Debug|Any CPU = Debug|Any CPU
		Release|Any CPU = Release|Any CPU
	EndGlobalSection
	GlobalSection(ProjectConfigurationPlatforms) = postSolution
		{93C2A26E-4A12-4E91-BE06-425DA7733EBC}.Debug|Any CPU.ActiveCfg = Debug|Any CPU
		{93C2A26E-4A12-4E91-BE06-425DA7733EBC}.Debug|Any CPU.Build.0 = Debug|Any CPU
		{93C2A26E-4A12-4E91-BE06-425DA7733EBC}.Release|Any CPU.ActiveCfg = Release|Any CPU
		{93C2A26E-4A12-4E91-BE06-425DA7733EBC}.Release|Any CPU.Build.0 = Release|Any CPU
		{A6FBD46C-5DB3-4478-A8F6-C990F51F99C5}.Debug|Any CPU.ActiveCfg = Debug|Any CPU
		{A6FBD46C-5DB3-4478-A8F6-C990F51F99C5}.Debug|Any CPU.Build.0 = Debug|Any CPU
		{A6FBD46C-5DB3-4478-A8F6-C990F51F99C5}.Release|Any CPU.ActiveCfg = Debug|Any CPU
		{A6FBD46C-5DB3-4478-A8F6-C990F51F99C5}.Release|Any CPU.Build.0 = Debug|Any CPU
	EndGlobalSection
	GlobalSection(SolutionProperties) = preSolution
		HideSolutionNode = FALSE
	EndGlobalSection
	GlobalSection(ExtensibilityGlobals) = postSolution
		SolutionGuid = {2B135F7E-6A4F-48D0-943B-5BCC16DCB205}
	EndGlobalSection
EndGlobal
